
Microsoft Visual Studio Solution File, Format Version 12.00
# Visual Studio Version 17
VisualStudioVersion = 17.0.31903.59
MinimumVisualStudioVersion = 10.0.40219.1
Project("{2150E333-8FDC-42A3-9474-1A3956D46DE8}") = "src", "src", "{F55E4BA2-DDA2-4D0E-A973-60A4FDB06B5F}"
EndProject
Project("{FAE04EC0-301F-11D3-BF4B-00C04F79EFBC}") = "Dashboard.Core", "src\Dashboard.Core\Dashboard.Core.csproj", "{A59631D8-5102-4119-B453-E89891C34481}"
EndProject
Project("{FAE04EC0-301F-11D3-BF4B-00C04F79EFBC}") = "Dashboard.Infrastructure", "src\Dashboard.Infrastructure\Dashboard.Infrastructure.csproj", "{B4CF952B-55A7-419D-8278-F4F4CE4B288A}"
EndProject
Project("{FAE04EC0-301F-11D3-BF4B-00C04F79EFBC}") = "Dashboard.UI", "src\Dashboard.UI\Dashboard.UI.csproj", "{10DC8194-7405-405E-BC29-D76030B51F18}"
EndProject
Global
	GlobalSection(SolutionConfigurationPlatforms) = preSolution
		Debug|Any CPU = Debug|Any CPU
		Release|Any CPU = Release|Any CPU
	EndGlobalSection
	GlobalSection(SolutionProperties) = preSolution
		HideSolutionNode = FALSE
	EndGlobalSection
	GlobalSection(ProjectConfigurationPlatforms) = postSolution
		{A59631D8-5102-4119-B453-E89891C34481}.Debug|Any CPU.ActiveCfg = Debug|Any CPU
		{A59631D8-5102-4119-B453-E89891C34481}.Debug|Any CPU.Build.0 = Debug|Any CPU
		{A59631D8-5102-4119-B453-E89891C34481}.Release|Any CPU.ActiveCfg = Release|Any CPU
		{A59631D8-5102-4119-B453-E89891C34481}.Release|Any CPU.Build.0 = Release|Any CPU
		{B4CF952B-55A7-419D-8278-F4F4CE4B288A}.Debug|Any CPU.ActiveCfg = Debug|Any CPU
		{B4CF952B-55A7-419D-8278-F4F4CE4B288A}.Debug|Any CPU.Build.0 = Debug|Any CPU
		{B4CF952B-55A7-419D-8278-F4F4CE4B288A}.Release|Any CPU.ActiveCfg = Release|Any CPU
		{B4CF952B-55A7-419D-8278-F4F4CE4B288A}.Release|Any CPU.Build.0 = Release|Any CPU
		{10DC8194-7405-405E-BC29-D76030B51F18}.Debug|Any CPU.ActiveCfg = Debug|Any CPU
		{10DC8194-7405-405E-BC29-D76030B51F18}.Debug|Any CPU.Build.0 = Debug|Any CPU
		{10DC8194-7405-405E-BC29-D76030B51F18}.Release|Any CPU.ActiveCfg = Release|Any CPU
		{10DC8194-7405-405E-BC29-D76030B51F18}.Release|Any CPU.Build.0 = Release|Any CPU
	EndGlobalSection
	GlobalSection(NestedProjects) = preSolution
		{A59631D8-5102-4119-B453-E89891C34481} = {F55E4BA2-DDA2-4D0E-A973-60A4FDB06B5F}
		{B4CF952B-55A7-419D-8278-F4F4CE4B288A} = {F55E4BA2-DDA2-4D0E-A973-60A4FDB06B5F}
		{10DC8194-7405-405E-BC29-D76030B51F18} = {F55E4BA2-DDA2-4D0E-A973-60A4FDB06B5F}
	EndGlobalSection
EndGlobal
